// !$*UTF8*$!
{
	archiveVersion = 1;
	classes = {
	};
	objectVersion = 46;
	objects = {

/* Begin PBXBuildFile section */
		EE22DD4117166355007FE629 /* NSFetchRequest+xmlElement.m in Sources */ = {isa = PBXBuildFile; fileRef = EE22DD4017166355007FE629 /* NSFetchRequest+xmlElement.m */; };
		EE22DD4217166355007FE629 /* NSFetchRequest+xmlElement.m in Sources */ = {isa = PBXBuildFile; fileRef = EE22DD4017166355007FE629 /* NSFetchRequest+xmlElement.m */; };
		EE7EC7951714BB6D00A1901C /* SenTestingKit.framework in Frameworks */ = {isa = PBXBuildFile; fileRef = EE7EC7941714BB6D00A1901C /* SenTestingKit.framework */; };
		EE7EC7971714BB6D00A1901C /* Cocoa.framework in Frameworks */ = {isa = PBXBuildFile; fileRef = EE7EC7961714BB6D00A1901C /* Cocoa.framework */; };
		EE7EC7A11714BB6D00A1901C /* InfoPlist.strings in Resources */ = {isa = PBXBuildFile; fileRef = EE7EC79F1714BB6D00A1901C /* InfoPlist.strings */; };
		EE7EC7A41714BB6D00A1901C /* momdecTests.m in Sources */ = {isa = PBXBuildFile; fileRef = EE7EC7A31714BB6D00A1901C /* momdecTests.m */; };
		EE7EC7AD1714BC0700A1901C /* momdecTests.xcdatamodeld in Sources */ = {isa = PBXBuildFile; fileRef = EE7EC7AB1714BC0700A1901C /* momdecTests.xcdatamodeld */; };
		EE7EC7AE1714BC1C00A1901C /* CoreData.framework in Frameworks */ = {isa = PBXBuildFile; fileRef = EEE16BBB1710D6A300F6AF6B /* CoreData.framework */; };
		EE7EC7B01714BC4300A1901C /* momdecTests.xcdatamodeld in CopyFiles */ = {isa = PBXBuildFile; fileRef = EE7EC7AB1714BC0700A1901C /* momdecTests.xcdatamodeld */; };
		EE7EC7B21714BC6200A1901C /* NSManagedObjectModel+xmlElement.m in Sources */ = {isa = PBXBuildFile; fileRef = EEE16BC41710DC1500F6AF6B /* NSManagedObjectModel+xmlElement.m */; };
		EE7EC7B41714BC6200A1901C /* NSEntityDescription+xmlElement.m in Sources */ = {isa = PBXBuildFile; fileRef = EEE16BC11710DBB800F6AF6B /* NSEntityDescription+xmlElement.m */; };
		EE7EC7B61714BC6200A1901C /* NSAttributeDescription+xmlElement.m in Sources */ = {isa = PBXBuildFile; fileRef = EEE16BC71710E45700F6AF6B /* NSAttributeDescription+xmlElement.m */; };
		EE7EC7B81714BC6200A1901C /* NSRelationshipDescription+xmlElement.m in Sources */ = {isa = PBXBuildFile; fileRef = EEE16BCA1710E50B00F6AF6B /* NSRelationshipDescription+xmlElement.m */; };
		EE7EC7BA1714BC6200A1901C /* NSPropertyDescription+xmlElement.m in Sources */ = {isa = PBXBuildFile; fileRef = EEE16BCD1710E55800F6AF6B /* NSPropertyDescription+xmlElement.m */; };
		EE7EC7C21716358A00A1901C /* NSFetchedPropertyDescription+xmlElement.m in Sources */ = {isa = PBXBuildFile; fileRef = EE7EC7C11716358A00A1901C /* NSFetchedPropertyDescription+xmlElement.m */; };
		EE7EC7C3171635E800A1901C /* NSFetchedPropertyDescription+xmlElement.m in Sources */ = {isa = PBXBuildFile; fileRef = EE7EC7C11716358A00A1901C /* NSFetchedPropertyDescription+xmlElement.m */; };
		EEE16BAE1710D68900F6AF6B /* Foundation.framework in Frameworks */ = {isa = PBXBuildFile; fileRef = EEE16BAD1710D68900F6AF6B /* Foundation.framework */; };
		EEE16BB11710D68900F6AF6B /* main.m in Sources */ = {isa = PBXBuildFile; fileRef = EEE16BB01710D68900F6AF6B /* main.m */; };
		EEE16BB51710D68A00F6AF6B /* momdec.1 in CopyFiles */ = {isa = PBXBuildFile; fileRef = EEE16BB41710D68A00F6AF6B /* momdec.1 */; };
		EEE16BBC1710D6A300F6AF6B /* CoreData.framework in Frameworks */ = {isa = PBXBuildFile; fileRef = EEE16BBB1710D6A300F6AF6B /* CoreData.framework */; };
		EEE16BC21710DBB800F6AF6B /* NSEntityDescription+xmlElement.m in Sources */ = {isa = PBXBuildFile; fileRef = EEE16BC11710DBB800F6AF6B /* NSEntityDescription+xmlElement.m */; };
		EEE16BC51710DC1500F6AF6B /* NSManagedObjectModel+xmlElement.m in Sources */ = {isa = PBXBuildFile; fileRef = EEE16BC41710DC1500F6AF6B /* NSManagedObjectModel+xmlElement.m */; };
		EEE16BC81710E45700F6AF6B /* NSAttributeDescription+xmlElement.m in Sources */ = {isa = PBXBuildFile; fileRef = EEE16BC71710E45700F6AF6B /* NSAttributeDescription+xmlElement.m */; };
		EEE16BCB1710E50B00F6AF6B /* NSRelationshipDescription+xmlElement.m in Sources */ = {isa = PBXBuildFile; fileRef = EEE16BCA1710E50B00F6AF6B /* NSRelationshipDescription+xmlElement.m */; };
		EEE16BCE1710E55800F6AF6B /* NSPropertyDescription+xmlElement.m in Sources */ = {isa = PBXBuildFile; fileRef = EEE16BCD1710E55800F6AF6B /* NSPropertyDescription+xmlElement.m */; };
/* End PBXBuildFile section */

/* Begin PBXCopyFilesBuildPhase section */
		EE7EC7AF1714BC3800A1901C /* CopyFiles */ = {
			isa = PBXCopyFilesBuildPhase;
			buildActionMask = 2147483647;
			dstPath = "";
			dstSubfolderSpec = 7;
			files = (
				EE7EC7B01714BC4300A1901C /* momdecTests.xcdatamodeld in CopyFiles */,
			);
			runOnlyForDeploymentPostprocessing = 0;
		};
		EEE16BA81710D68900F6AF6B /* CopyFiles */ = {
			isa = PBXCopyFilesBuildPhase;
			buildActionMask = 2147483647;
			dstPath = /usr/share/man/man1/;
			dstSubfolderSpec = 0;
			files = (
				EEE16BB51710D68A00F6AF6B /* momdec.1 in CopyFiles */,
			);
			runOnlyForDeploymentPostprocessing = 1;
		};
/* End PBXCopyFilesBuildPhase section */

/* Begin PBXFileReference section */
		EE22DD3F17166355007FE629 /* NSFetchRequest+xmlElement.h */ = {isa = PBXFileReference; fileEncoding = 4; lastKnownFileType = sourcecode.c.h; path = "NSFetchRequest+xmlElement.h"; sourceTree = "<group>"; };
		EE22DD4017166355007FE629 /* NSFetchRequest+xmlElement.m */ = {isa = PBXFileReference; fileEncoding = 4; lastKnownFileType = sourcecode.c.objc; path = "NSFetchRequest+xmlElement.m"; sourceTree = "<group>"; };
		EE2760C717121F7C0023821E /* README.md */ = {isa = PBXFileReference; lastKnownFileType = text; path = README.md; sourceTree = SOURCE_ROOT; };
		EE7EC7931714BB6D00A1901C /* momdecTests.octest */ = {isa = PBXFileReference; explicitFileType = wrapper.cfbundle; includeInIndex = 0; path = momdecTests.octest; sourceTree = BUILT_PRODUCTS_DIR; };
		EE7EC7941714BB6D00A1901C /* SenTestingKit.framework */ = {isa = PBXFileReference; lastKnownFileType = wrapper.framework; name = SenTestingKit.framework; path = Library/Frameworks/SenTestingKit.framework; sourceTree = DEVELOPER_DIR; };
		EE7EC7961714BB6D00A1901C /* Cocoa.framework */ = {isa = PBXFileReference; lastKnownFileType = wrapper.framework; name = Cocoa.framework; path = Library/Frameworks/Cocoa.framework; sourceTree = DEVELOPER_DIR; };
		EE7EC7991714BB6D00A1901C /* AppKit.framework */ = {isa = PBXFileReference; lastKnownFileType = wrapper.framework; name = AppKit.framework; path = Library/Frameworks/AppKit.framework; sourceTree = SDKROOT; };
		EE7EC79A1714BB6D00A1901C /* CoreData.framework */ = {isa = PBXFileReference; lastKnownFileType = wrapper.framework; name = CoreData.framework; path = Library/Frameworks/CoreData.framework; sourceTree = SDKROOT; };
		EE7EC79B1714BB6D00A1901C /* Foundation.framework */ = {isa = PBXFileReference; lastKnownFileType = wrapper.framework; name = Foundation.framework; path = Library/Frameworks/Foundation.framework; sourceTree = SDKROOT; };
		EE7EC79E1714BB6D00A1901C /* momdecTests-Info.plist */ = {isa = PBXFileReference; lastKnownFileType = text.plist.xml; path = "momdecTests-Info.plist"; sourceTree = "<group>"; };
		EE7EC7A01714BB6D00A1901C /* en */ = {isa = PBXFileReference; lastKnownFileType = text.plist.strings; name = en; path = en.lproj/InfoPlist.strings; sourceTree = "<group>"; };
		EE7EC7A21714BB6D00A1901C /* momdecTests.h */ = {isa = PBXFileReference; lastKnownFileType = sourcecode.c.h; path = momdecTests.h; sourceTree = "<group>"; };
		EE7EC7A31714BB6D00A1901C /* momdecTests.m */ = {isa = PBXFileReference; lastKnownFileType = sourcecode.c.objc; path = momdecTests.m; sourceTree = "<group>"; };
		EE7EC7A51714BB6D00A1901C /* momdecTests-Prefix.pch */ = {isa = PBXFileReference; lastKnownFileType = sourcecode.c.h; path = "momdecTests-Prefix.pch"; sourceTree = "<group>"; };
		EE7EC7AC1714BC0700A1901C /* momdecTests.xcdatamodel */ = {isa = PBXFileReference; lastKnownFileType = wrapper.xcdatamodel; path = momdecTests.xcdatamodel; sourceTree = "<group>"; };
		EE7EC7BF17162E8600A1901C /* LICENSE */ = {isa = PBXFileReference; fileEncoding = 4; lastKnownFileType = text; path = LICENSE; sourceTree = SOURCE_ROOT; };
		EE7EC7C01716358A00A1901C /* NSFetchedPropertyDescription+xmlElement.h */ = {isa = PBXFileReference; fileEncoding = 4; lastKnownFileType = sourcecode.c.h; path = "NSFetchedPropertyDescription+xmlElement.h"; sourceTree = "<group>"; };
		EE7EC7C11716358A00A1901C /* NSFetchedPropertyDescription+xmlElement.m */ = {isa = PBXFileReference; fileEncoding = 4; lastKnownFileType = sourcecode.c.objc; path = "NSFetchedPropertyDescription+xmlElement.m"; sourceTree = "<group>"; };
		EEE16BAA1710D68900F6AF6B /* momdec */ = {isa = PBXFileReference; explicitFileType = "compiled.mach-o.executable"; includeInIndex = 0; path = momdec; sourceTree = BUILT_PRODUCTS_DIR; };
		EEE16BAD1710D68900F6AF6B /* Foundation.framework */ = {isa = PBXFileReference; lastKnownFileType = wrapper.framework; name = Foundation.framework; path = System/Library/Frameworks/Foundation.framework; sourceTree = SDKROOT; };
		EEE16BB01710D68900F6AF6B /* main.m */ = {isa = PBXFileReference; lastKnownFileType = sourcecode.c.objc; path = main.m; sourceTree = "<group>"; };
		EEE16BB31710D68A00F6AF6B /* momdec-Prefix.pch */ = {isa = PBXFileReference; lastKnownFileType = sourcecode.c.h; path = "momdec-Prefix.pch"; sourceTree = "<group>"; };
		EEE16BB41710D68A00F6AF6B /* momdec.1 */ = {isa = PBXFileReference; lastKnownFileType = text.man; path = momdec.1; sourceTree = "<group>"; };
		EEE16BBB1710D6A300F6AF6B /* CoreData.framework */ = {isa = PBXFileReference; lastKnownFileType = wrapper.framework; name = CoreData.framework; path = System/Library/Frameworks/CoreData.framework; sourceTree = SDKROOT; };
		EEE16BC01710DBB800F6AF6B /* NSEntityDescription+xmlElement.h */ = {isa = PBXFileReference; fileEncoding = 4; lastKnownFileType = sourcecode.c.h; path = "NSEntityDescription+xmlElement.h"; sourceTree = "<group>"; };
		EEE16BC11710DBB800F6AF6B /* NSEntityDescription+xmlElement.m */ = {isa = PBXFileReference; fileEncoding = 4; lastKnownFileType = sourcecode.c.objc; path = "NSEntityDescription+xmlElement.m"; sourceTree = "<group>"; };
		EEE16BC31710DC1500F6AF6B /* NSManagedObjectModel+xmlElement.h */ = {isa = PBXFileReference; fileEncoding = 4; lastKnownFileType = sourcecode.c.h; path = "NSManagedObjectModel+xmlElement.h"; sourceTree = "<group>"; };
		EEE16BC41710DC1500F6AF6B /* NSManagedObjectModel+xmlElement.m */ = {isa = PBXFileReference; fileEncoding = 4; lastKnownFileType = sourcecode.c.objc; path = "NSManagedObjectModel+xmlElement.m"; sourceTree = "<group>"; };
		EEE16BC61710E45700F6AF6B /* NSAttributeDescription+xmlElement.h */ = {isa = PBXFileReference; fileEncoding = 4; lastKnownFileType = sourcecode.c.h; path = "NSAttributeDescription+xmlElement.h"; sourceTree = "<group>"; };
		EEE16BC71710E45700F6AF6B /* NSAttributeDescription+xmlElement.m */ = {isa = PBXFileReference; fileEncoding = 4; lastKnownFileType = sourcecode.c.objc; path = "NSAttributeDescription+xmlElement.m"; sourceTree = "<group>"; };
		EEE16BC91710E50B00F6AF6B /* NSRelationshipDescription+xmlElement.h */ = {isa = PBXFileReference; fileEncoding = 4; lastKnownFileType = sourcecode.c.h; path = "NSRelationshipDescription+xmlElement.h"; sourceTree = "<group>"; };
		EEE16BCA1710E50B00F6AF6B /* NSRelationshipDescription+xmlElement.m */ = {isa = PBXFileReference; fileEncoding = 4; lastKnownFileType = sourcecode.c.objc; path = "NSRelationshipDescription+xmlElement.m"; sourceTree = "<group>"; };
		EEE16BCC1710E55800F6AF6B /* NSPropertyDescription+xmlElement.h */ = {isa = PBXFileReference; fileEncoding = 4; lastKnownFileType = sourcecode.c.h; path = "NSPropertyDescription+xmlElement.h"; sourceTree = "<group>"; };
		EEE16BCD1710E55800F6AF6B /* NSPropertyDescription+xmlElement.m */ = {isa = PBXFileReference; fileEncoding = 4; lastKnownFileType = sourcecode.c.objc; path = "NSPropertyDescription+xmlElement.m"; sourceTree = "<group>"; };
/* End PBXFileReference section */

/* Begin PBXFrameworksBuildPhase section */
		EE7EC78F1714BB6D00A1901C /* Frameworks */ = {
			isa = PBXFrameworksBuildPhase;
			buildActionMask = 2147483647;
			files = (
				EE7EC7AE1714BC1C00A1901C /* CoreData.framework in Frameworks */,
				EE7EC7951714BB6D00A1901C /* SenTestingKit.framework in Frameworks */,
				EE7EC7971714BB6D00A1901C /* Cocoa.framework in Frameworks */,
			);
			runOnlyForDeploymentPostprocessing = 0;
		};
		EEE16BA71710D68900F6AF6B /* Frameworks */ = {
			isa = PBXFrameworksBuildPhase;
			buildActionMask = 2147483647;
			files = (
				EEE16BBC1710D6A300F6AF6B /* CoreData.framework in Frameworks */,
				EEE16BAE1710D68900F6AF6B /* Foundation.framework in Frameworks */,
			);
			runOnlyForDeploymentPostprocessing = 0;
		};
/* End PBXFrameworksBuildPhase section */

/* Begin PBXGroup section */
		EE7EC7981714BB6D00A1901C /* Other Frameworks */ = {
			isa = PBXGroup;
			children = (
				EE7EC7991714BB6D00A1901C /* AppKit.framework */,
				EE7EC79A1714BB6D00A1901C /* CoreData.framework */,
				EE7EC79B1714BB6D00A1901C /* Foundation.framework */,
			);
			name = "Other Frameworks";
			sourceTree = "<group>";
		};
		EE7EC79C1714BB6D00A1901C /* momdecTests */ = {
			isa = PBXGroup;
			children = (
				EE7EC7A21714BB6D00A1901C /* momdecTests.h */,
				EE7EC7A31714BB6D00A1901C /* momdecTests.m */,
				EE7EC79D1714BB6D00A1901C /* Supporting Files */,
				EE7EC7AB1714BC0700A1901C /* momdecTests.xcdatamodeld */,
			);
			path = momdecTests;
			sourceTree = "<group>";
		};
		EE7EC79D1714BB6D00A1901C /* Supporting Files */ = {
			isa = PBXGroup;
			children = (
				EE7EC79E1714BB6D00A1901C /* momdecTests-Info.plist */,
				EE7EC79F1714BB6D00A1901C /* InfoPlist.strings */,
				EE7EC7A51714BB6D00A1901C /* momdecTests-Prefix.pch */,
			);
			name = "Supporting Files";
			sourceTree = "<group>";
		};
		EEE16BA11710D68900F6AF6B = {
			isa = PBXGroup;
			children = (
				EEE16BAF1710D68900F6AF6B /* momdec */,
				EE7EC79C1714BB6D00A1901C /* momdecTests */,
				EEE16BAC1710D68900F6AF6B /* Frameworks */,
				EEE16BAB1710D68900F6AF6B /* Products */,
			);
			sourceTree = "<group>";
		};
		EEE16BAB1710D68900F6AF6B /* Products */ = {
			isa = PBXGroup;
			children = (
				EEE16BAA1710D68900F6AF6B /* momdec */,
				EE7EC7931714BB6D00A1901C /* momdecTests.octest */,
			);
			name = Products;
			sourceTree = "<group>";
		};
		EEE16BAC1710D68900F6AF6B /* Frameworks */ = {
			isa = PBXGroup;
			children = (
				EEE16BBB1710D6A300F6AF6B /* CoreData.framework */,
				EEE16BAD1710D68900F6AF6B /* Foundation.framework */,
				EE7EC7941714BB6D00A1901C /* SenTestingKit.framework */,
				EE7EC7961714BB6D00A1901C /* Cocoa.framework */,
				EE7EC7981714BB6D00A1901C /* Other Frameworks */,
			);
			name = Frameworks;
			sourceTree = "<group>";
		};
		EEE16BAF1710D68900F6AF6B /* momdec */ = {
			isa = PBXGroup;
			children = (
				EEE16BB01710D68900F6AF6B /* main.m */,
				EEE16BC31710DC1500F6AF6B /* NSManagedObjectModel+xmlElement.h */,
				EEE16BC41710DC1500F6AF6B /* NSManagedObjectModel+xmlElement.m */,
				EEE16BC01710DBB800F6AF6B /* NSEntityDescription+xmlElement.h */,
				EEE16BC11710DBB800F6AF6B /* NSEntityDescription+xmlElement.m */,
				EEE16BC61710E45700F6AF6B /* NSAttributeDescription+xmlElement.h */,
				EEE16BC71710E45700F6AF6B /* NSAttributeDescription+xmlElement.m */,
				EEE16BC91710E50B00F6AF6B /* NSRelationshipDescription+xmlElement.h */,
				EEE16BCA1710E50B00F6AF6B /* NSRelationshipDescription+xmlElement.m */,
				EEE16BCC1710E55800F6AF6B /* NSPropertyDescription+xmlElement.h */,
				EEE16BCD1710E55800F6AF6B /* NSPropertyDescription+xmlElement.m */,
				EE7EC7C01716358A00A1901C /* NSFetchedPropertyDescription+xmlElement.h */,
				EE7EC7C11716358A00A1901C /* NSFetchedPropertyDescription+xmlElement.m */,
				EE22DD3F17166355007FE629 /* NSFetchRequest+xmlElement.h */,
				EE22DD4017166355007FE629 /* NSFetchRequest+xmlElement.m */,
				EEE16BB41710D68A00F6AF6B /* momdec.1 */,
				EEE16BB21710D68A00F6AF6B /* Supporting Files */,
				EE2760C717121F7C0023821E /* README.md */,
				EE7EC7BF17162E8600A1901C /* LICENSE */,
			);
			path = momdec;
			sourceTree = "<group>";
		};
		EEE16BB21710D68A00F6AF6B /* Supporting Files */ = {
			isa = PBXGroup;
			children = (
				EEE16BB31710D68A00F6AF6B /* momdec-Prefix.pch */,
			);
			name = "Supporting Files";
			sourceTree = "<group>";
		};
/* End PBXGroup section */

/* Begin PBXNativeTarget section */
		EE7EC7921714BB6D00A1901C /* momdecTests */ = {
			isa = PBXNativeTarget;
			buildConfigurationList = EE7EC7A81714BB6D00A1901C /* Build configuration list for PBXNativeTarget "momdecTests" */;
			buildPhases = (
				EE7EC78E1714BB6D00A1901C /* Sources */,
				EE7EC78F1714BB6D00A1901C /* Frameworks */,
				EE7EC7901714BB6D00A1901C /* Resources */,
				EE7EC7911714BB6D00A1901C /* ShellScript */,
				EE7EC7AF1714BC3800A1901C /* CopyFiles */,
			);
			buildRules = (
			);
			dependencies = (
			);
			name = momdecTests;
			productName = momdecTests;
			productReference = EE7EC7931714BB6D00A1901C /* momdecTests.octest */;
			productType = "com.apple.product-type.bundle";
		};
		EEE16BA91710D68900F6AF6B /* momdec */ = {
			isa = PBXNativeTarget;
			buildConfigurationList = EEE16BB81710D68A00F6AF6B /* Build configuration list for PBXNativeTarget "momdec" */;
			buildPhases = (
				EEE16BA61710D68900F6AF6B /* Sources */,
				EEE16BA71710D68900F6AF6B /* Frameworks */,
				EEE16BA81710D68900F6AF6B /* CopyFiles */,
			);
			buildRules = (
			);
			dependencies = (
			);
			name = momdec;
			productName = momdec;
			productReference = EEE16BAA1710D68900F6AF6B /* momdec */;
			productType = "com.apple.product-type.tool";
		};
/* End PBXNativeTarget section */

/* Begin PBXProject section */
		EEE16BA21710D68900F6AF6B /* Project object */ = {
			isa = PBXProject;
			attributes = {
				LastUpgradeCheck = 1200;
				ORGANIZATIONNAME = "Tom Harrington";
			};
			buildConfigurationList = EEE16BA51710D68900F6AF6B /* Build configuration list for PBXProject "momdec" */;
			compatibilityVersion = "Xcode 3.2";
			developmentRegion = en;
			hasScannedForEncodings = 0;
			knownRegions = (
				en,
				Base,
			);
			mainGroup = EEE16BA11710D68900F6AF6B;
			productRefGroup = EEE16BAB1710D68900F6AF6B /* Products */;
			projectDirPath = "";
			projectRoot = "";
			targets = (
				EEE16BA91710D68900F6AF6B /* momdec */,
				EE7EC7921714BB6D00A1901C /* momdecTests */,
			);
		};
/* End PBXProject section */

/* Begin PBXResourcesBuildPhase section */
		EE7EC7901714BB6D00A1901C /* Resources */ = {
			isa = PBXResourcesBuildPhase;
			buildActionMask = 2147483647;
			files = (
				EE7EC7A11714BB6D00A1901C /* InfoPlist.strings in Resources */,
			);
			runOnlyForDeploymentPostprocessing = 0;
		};
/* End PBXResourcesBuildPhase section */

/* Begin PBXShellScriptBuildPhase section */
		EE7EC7911714BB6D00A1901C /* ShellScript */ = {
			isa = PBXShellScriptBuildPhase;
			buildActionMask = 2147483647;
			files = (
			);
			inputPaths = (
			);
			outputPaths = (
			);
			runOnlyForDeploymentPostprocessing = 0;
			shellPath = /bin/sh;
			shellScript = "# Run the unit tests in this test bundle.\n\"${SYSTEM_DEVELOPER_DIR}/Tools/RunUnitTests\"\n";
		};
/* End PBXShellScriptBuildPhase section */

/* Begin PBXSourcesBuildPhase section */
		EE7EC78E1714BB6D00A1901C /* Sources */ = {
			isa = PBXSourcesBuildPhase;
			buildActionMask = 2147483647;
			files = (
				EE7EC7B21714BC6200A1901C /* NSManagedObjectModel+xmlElement.m in Sources */,
				EE7EC7B41714BC6200A1901C /* NSEntityDescription+xmlElement.m in Sources */,
				EE7EC7B61714BC6200A1901C /* NSAttributeDescription+xmlElement.m in Sources */,
				EE7EC7B81714BC6200A1901C /* NSRelationshipDescription+xmlElement.m in Sources */,
				EE7EC7BA1714BC6200A1901C /* NSPropertyDescription+xmlElement.m in Sources */,
				EE7EC7A41714BB6D00A1901C /* momdecTests.m in Sources */,
				EE7EC7AD1714BC0700A1901C /* momdecTests.xcdatamodeld in Sources */,
				EE7EC7C3171635E800A1901C /* NSFetchedPropertyDescription+xmlElement.m in Sources */,
				EE22DD4217166355007FE629 /* NSFetchRequest+xmlElement.m in Sources */,
			);
			runOnlyForDeploymentPostprocessing = 0;
		};
		EEE16BA61710D68900F6AF6B /* Sources */ = {
			isa = PBXSourcesBuildPhase;
			buildActionMask = 2147483647;
			files = (
				EEE16BB11710D68900F6AF6B /* main.m in Sources */,
				EEE16BC21710DBB800F6AF6B /* NSEntityDescription+xmlElement.m in Sources */,
				EEE16BC51710DC1500F6AF6B /* NSManagedObjectModel+xmlElement.m in Sources */,
				EEE16BC81710E45700F6AF6B /* NSAttributeDescription+xmlElement.m in Sources */,
				EEE16BCB1710E50B00F6AF6B /* NSRelationshipDescription+xmlElement.m in Sources */,
				EEE16BCE1710E55800F6AF6B /* NSPropertyDescription+xmlElement.m in Sources */,
				EE7EC7C21716358A00A1901C /* NSFetchedPropertyDescription+xmlElement.m in Sources */,
				EE22DD4117166355007FE629 /* NSFetchRequest+xmlElement.m in Sources */,
			);
			runOnlyForDeploymentPostprocessing = 0;
		};
/* End PBXSourcesBuildPhase section */

/* Begin PBXVariantGroup section */
		EE7EC79F1714BB6D00A1901C /* InfoPlist.strings */ = {
			isa = PBXVariantGroup;
			children = (
				EE7EC7A01714BB6D00A1901C /* en */,
			);
			name = InfoPlist.strings;
			sourceTree = "<group>";
		};
/* End PBXVariantGroup section */

/* Begin XCBuildConfiguration section */
		EE7EC7A61714BB6D00A1901C /* Debug */ = {
			isa = XCBuildConfiguration;
			buildSettings = {
				COMBINE_HIDPI_IMAGES = YES;
				FRAMEWORK_SEARCH_PATHS = "\"$(DEVELOPER_LIBRARY_DIR)/Frameworks\"";
				GCC_PRECOMPILE_PREFIX_HEADER = YES;
				GCC_PREFIX_HEADER = "momdecTests/momdecTests-Prefix.pch";
				INFOPLIST_FILE = "momdecTests/momdecTests-Info.plist";
				PRODUCT_BUNDLE_IDENTIFIER = "com.atomicbird.${PRODUCT_NAME:rfc1034identifier}";
				PRODUCT_NAME = "$(TARGET_NAME)";
				WRAPPER_EXTENSION = octest;
			};
			name = Debug;
		};
		EE7EC7A71714BB6D00A1901C /* Release */ = {
			isa = XCBuildConfiguration;
			buildSettings = {
				COMBINE_HIDPI_IMAGES = YES;
				FRAMEWORK_SEARCH_PATHS = "\"$(DEVELOPER_LIBRARY_DIR)/Frameworks\"";
				GCC_PRECOMPILE_PREFIX_HEADER = YES;
				GCC_PREFIX_HEADER = "momdecTests/momdecTests-Prefix.pch";
				INFOPLIST_FILE = "momdecTests/momdecTests-Info.plist";
				PRODUCT_BUNDLE_IDENTIFIER = "com.atomicbird.${PRODUCT_NAME:rfc1034identifier}";
				PRODUCT_NAME = "$(TARGET_NAME)";
				WRAPPER_EXTENSION = octest;
			};
			name = Release;
		};
		EEE16BB61710D68A00F6AF6B /* Debug */ = {
			isa = XCBuildConfiguration;
			buildSettings = {
				ALWAYS_SEARCH_USER_PATHS = NO;
				CLANG_ANALYZER_LOCALIZABILITY_NONLOCALIZED = YES;
				CLANG_CXX_LANGUAGE_STANDARD = "gnu++0x";
				CLANG_CXX_LIBRARY = "libc++";
				CLANG_ENABLE_OBJC_ARC = YES;
				CLANG_WARN_BLOCK_CAPTURE_AUTORELEASING = YES;
				CLANG_WARN_BOOL_CONVERSION = YES;
				CLANG_WARN_COMMA = YES;
				CLANG_WARN_CONSTANT_CONVERSION = YES;
				CLANG_WARN_DEPRECATED_OBJC_IMPLEMENTATIONS = YES;
				CLANG_WARN_EMPTY_BODY = YES;
				CLANG_WARN_ENUM_CONVERSION = YES;
				CLANG_WARN_INFINITE_RECURSION = YES;
				CLANG_WARN_INT_CONVERSION = YES;
				CLANG_WARN_NON_LITERAL_NULL_CONVERSION = YES;
				CLANG_WARN_OBJC_IMPLICIT_RETAIN_SELF = YES;
				CLANG_WARN_OBJC_LITERAL_CONVERSION = YES;
				CLANG_WARN_QUOTED_INCLUDE_IN_FRAMEWORK_HEADER = YES;
				CLANG_WARN_RANGE_LOOP_ANALYSIS = YES;
				CLANG_WARN_STRICT_PROTOTYPES = YES;
				CLANG_WARN_SUSPICIOUS_MOVE = YES;
				CLANG_WARN_UNREACHABLE_CODE = YES;
				CLANG_WARN__DUPLICATE_METHOD_MATCH = YES;
				COPY_PHASE_STRIP = NO;
				ENABLE_STRICT_OBJC_MSGSEND = YES;
				ENABLE_TESTABILITY = YES;
				GCC_C_LANGUAGE_STANDARD = gnu99;
				GCC_DYNAMIC_NO_PIC = NO;
				GCC_ENABLE_OBJC_EXCEPTIONS = YES;
				GCC_NO_COMMON_BLOCKS = YES;
				GCC_OPTIMIZATION_LEVEL = 0;
				GCC_PREPROCESSOR_DEFINITIONS = (
					"DEBUG=1",
					"$(inherited)",
				);
				GCC_SYMBOLS_PRIVATE_EXTERN = NO;
				GCC_WARN_64_TO_32_BIT_CONVERSION = YES;
				GCC_WARN_ABOUT_RETURN_TYPE = YES;
				GCC_WARN_UNDECLARED_SELECTOR = YES;
				GCC_WARN_UNINITIALIZED_AUTOS = YES;
				GCC_WARN_UNUSED_FUNCTION = YES;
				GCC_WARN_UNUSED_VARIABLE = YES;
				MACOSX_DEPLOYMENT_TARGET = 10.8;
				ONLY_ACTIVE_ARCH = YES;
				SDKROOT = macosx;
			};
			name = Debug;
		};
		EEE16BB71710D68A00F6AF6B /* Release */ = {
			isa = XCBuildConfiguration;
			buildSettings = {
				ALWAYS_SEARCH_USER_PATHS = NO;
				CLANG_ANALYZER_LOCALIZABILITY_NONLOCALIZED = YES;
				CLANG_CXX_LANGUAGE_STANDARD = "gnu++0x";
				CLANG_CXX_LIBRARY = "libc++";
				CLANG_ENABLE_OBJC_ARC = YES;
				CLANG_WARN_BLOCK_CAPTURE_AUTORELEASING = YES;
				CLANG_WARN_BOOL_CONVERSION = YES;
				CLANG_WARN_COMMA = YES;
				CLANG_WARN_CONSTANT_CONVERSION = YES;
				CLANG_WARN_DEPRECATED_OBJC_IMPLEMENTATIONS = YES;
				CLANG_WARN_EMPTY_BODY = YES;
				CLANG_WARN_ENUM_CONVERSION = YES;
				CLANG_WARN_INFINITE_RECURSION = YES;
				CLANG_WARN_INT_CONVERSION = YES;
				CLANG_WARN_NON_LITERAL_NULL_CONVERSION = YES;
				CLANG_WARN_OBJC_IMPLICIT_RETAIN_SELF = YES;
				CLANG_WARN_OBJC_LITERAL_CONVERSION = YES;
				CLANG_WARN_QUOTED_INCLUDE_IN_FRAMEWORK_HEADER = YES;
				CLANG_WARN_RANGE_LOOP_ANALYSIS = YES;
				CLANG_WARN_STRICT_PROTOTYPES = YES;
				CLANG_WARN_SUSPICIOUS_MOVE = YES;
				CLANG_WARN_UNREACHABLE_CODE = YES;
				CLANG_WARN__DUPLICATE_METHOD_MATCH = YES;
				COPY_PHASE_STRIP = YES;
				DEBUG_INFORMATION_FORMAT = "dwarf-with-dsym";
				ENABLE_STRICT_OBJC_MSGSEND = YES;
				GCC_C_LANGUAGE_STANDARD = gnu99;
				GCC_ENABLE_OBJC_EXCEPTIONS = YES;
				GCC_NO_COMMON_BLOCKS = YES;
				GCC_WARN_64_TO_32_BIT_CONVERSION = YES;
				GCC_WARN_ABOUT_RETURN_TYPE = YES;
				GCC_WARN_UNDECLARED_SELECTOR = YES;
				GCC_WARN_UNINITIALIZED_AUTOS = YES;
				GCC_WARN_UNUSED_FUNCTION = YES;
				GCC_WARN_UNUSED_VARIABLE = YES;
				MACOSX_DEPLOYMENT_TARGET = 10.8;
				SDKROOT = macosx;
			};
			name = Release;
		};
		EEE16BB91710D68A00F6AF6B /* Debug */ = {
			isa = XCBuildConfiguration;
			buildSettings = {
				CODE_SIGN_IDENTITY = "-";
				GCC_PRECOMPILE_PREFIX_HEADER = YES;
				GCC_PREFIX_HEADER = "momdec/momdec-Prefix.pch";
				PRODUCT_NAME = "$(TARGET_NAME)";
			};
			name = Debug;
		};
		EEE16BBA1710D68A00F6AF6B /* Release */ = {
			isa = XCBuildConfiguration;
			buildSettings = {
				CODE_SIGN_IDENTITY = "-";
				GCC_PRECOMPILE_PREFIX_HEADER = YES;
				GCC_PREFIX_HEADER = "momdec/momdec-Prefix.pch";
				PRODUCT_NAME = "$(TARGET_NAME)";
			};
			name = Release;
		};
/* End XCBuildConfiguration section */

/* Begin XCConfigurationList section */
		EE7EC7A81714BB6D00A1901C /* Build configuration list for PBXNativeTarget "momdecTests" */ = {
			isa = XCConfigurationList;
			buildConfigurations = (
				EE7EC7A61714BB6D00A1901C /* Debug */,
				EE7EC7A71714BB6D00A1901C /* Release */,
			);
			defaultConfigurationIsVisible = 0;
			defaultConfigurationName = Release;
		};
		EEE16BA51710D68900F6AF6B /* Build configuration list for PBXProject "momdec" */ = {
			isa = XCConfigurationList;
			buildConfigurations = (
				EEE16BB61710D68A00F6AF6B /* Debug */,
				EEE16BB71710D68A00F6AF6B /* Release */,
			);
			defaultConfigurationIsVisible = 0;
			defaultConfigurationName = Release;
		};
		EEE16BB81710D68A00F6AF6B /* Build configuration list for PBXNativeTarget "momdec" */ = {
			isa = XCConfigurationList;
			buildConfigurations = (
				EEE16BB91710D68A00F6AF6B /* Debug */,
				EEE16BBA1710D68A00F6AF6B /* Release */,
			);
			defaultConfigurationIsVisible = 0;
			defaultConfigurationName = Release;
		};
/* End XCConfigurationList section */

/* Begin XCVersionGroup section */
		EE7EC7AB1714BC0700A1901C /* momdecTests.xcdatamodeld */ = {
			isa = XCVersionGroup;
			children = (
				EE7EC7AC1714BC0700A1901C /* momdecTests.xcdatamodel */,
			);
			currentVersion = EE7EC7AC1714BC0700A1901C /* momdecTests.xcdatamodel */;
			path = momdecTests.xcdatamodeld;
			sourceTree = "<group>";
			versionGroupType = wrapper.xcdatamodel;
		};
/* End XCVersionGroup section */
	};
	rootObject = EEE16BA21710D68900F6AF6B /* Project object */;
}
